
Microsoft Visual Studio Solution File, Format Version 12.00
# Visual Studio Version 17
VisualStudioVersion = 17.5.002.0
MinimumVisualStudioVersion = 10.0.40219.1
Project("{9A19103F-16F7-4668-BE54-9A1E7A4F7556}") = "WebApplication1", "WebApplication1.csproj", "{851685C0-6BC1-4FA4-B811-FDC93199364F}"
EndProject
Global
	GlobalSection(SolutionConfigurationPlatforms) = preSolution
		Debug|Any CPU = Debug|Any CPU
		Release|Any CPU = Release|Any CPU
	EndGlobalSection
	GlobalSection(ProjectConfigurationPlatforms) = postSolution
		{851685C0-6BC1-4FA4-B811-FDC93199364F}.Debug|Any CPU.ActiveCfg = Debug|Any CPU
		{851685C0-6BC1-4FA4-B811-FDC93199364F}.Debug|Any CPU.Build.0 = Debug|Any CPU
		{851685C0-6BC1-4FA4-B811-FDC93199364F}.Release|Any CPU.ActiveCfg = Release|Any CPU
		{851685C0-6BC1-4FA4-B811-FDC93199364F}.Release|Any CPU.Build.0 = Release|Any CPU
	EndGlobalSection
	GlobalSection(SolutionProperties) = preSolution
		HideSolutionNode = FALSE
	EndGlobalSection
	GlobalSection(ExtensibilityGlobals) = postSolution
		SolutionGuid = {6D6DE54C-44A8-405B-AE77-D75FD71C6E7D}
	EndGlobalSection
EndGlobal
